dependencies:
- name: mariadb
  repository: oci://registry-1.docker.io/bitnamicharts
  version: 20.4.2
- name: postgresql
  repository: oci://registry-1.docker.io/bitnamicharts
  version: 16.5.5
digest: sha256:c8d1f727cbb8af277e6995cadf677a60409c947d63c9372662cb4d5a086d5a62
generated: "2025-03-23T08:14:40.635092682Z"
