dependencies:
- name: redis
  repository: oci://registry-1.docker.io/bitnamicharts
  version: 18.3.3
- name: memcached
  repository: oci://registry-1.docker.io/bitnamicharts
  version: 6.7.0
digest: sha256:d7af4e22c8c7572393eed2e45431e186767d7bcff65957ae0d8d0e3a173514ab
generated: "2023-11-15T08:12:14.108912098Z"
