dependencies:
- name: redis
  repository: oci://registry-1.docker.io/bitnamicharts
  version: 20.11.2
- name: memcached
  repository: oci://registry-1.docker.io/bitnamicharts
  version: 7.6.5
digest: sha256:680f8f54377dcbda1fb315ca651f518f28fdab61ec8a6b927867a1d15312fca9
generated: "2025-03-06T08:15:51.084600933Z"
